{
  "requires": true,
  "lockfileVersion": 1,
  "dependencies": {
    "css.js": {
      "version": "0.2.3",
      "resolved": "https://registry.npmmirror.com/css.js/-/css.js-0.2.3.tgz",
      "integrity": "sha512-AUokTg+mjatewJzS2GPK4B7pXKdptXPDKz0se0xFyhwBYOoNysn4C2RYjm3qs3MmeXDG+FzGOHfZB2MQ4HwkSA=="
    }
  }
}
